
Microsoft Visual Studio Solution File, Format Version 12.00
Project("{FAE04EC0-301F-11D3-BF4B-00C04F79EFBC}") = "ProcessKill.Fluent.Plugin", "ProcessKill.Fluent.Plugin\ProcessKill.Fluent.Plugin.csproj", "{7309A32A-D88F-4058-914F-3BE55BD74557}"
EndProject
Global
	GlobalSection(SolutionConfigurationPlatforms) = preSolution
		Debug|Any CPU = Debug|Any CPU
		Release|Any CPU = Release|Any CPU
	EndGlobalSection
	GlobalSection(ProjectConfigurationPlatforms) = postSolution
		{7309A32A-D88F-4058-914F-3BE55BD74557}.Debug|Any CPU.ActiveCfg = Debug|Any CPU
		{7309A32A-D88F-4058-914F-3BE55BD74557}.Debug|Any CPU.Build.0 = Debug|Any CPU
		{7309A32A-D88F-4058-914F-3BE55BD74557}.Release|Any CPU.ActiveCfg = Release|Any CPU
		{7309A32A-D88F-4058-914F-3BE55BD74557}.Release|Any CPU.Build.0 = Release|Any CPU
	EndGlobalSection
EndGlobal
